
Microsoft Visual Studio Solution File, Format Version 12.00
# Visual Studio Version 17
VisualStudioVersion = 17.7.34031.279
MinimumVisualStudioVersion = 10.0.40219.1
Project("{FAE04EC0-301F-11D3-BF4B-00C04F79EFBC}") = "Git Groupe 2", "Git Groupe 2\Git Groupe 2.csproj", "{4643DCDD-DF5B-4DCF-9870-8D558807A7DA}"
EndProject
Global
	GlobalSection(SolutionConfigurationPlatforms) = preSolution
		Debug|ARM64 = Debug|ARM64
		Debug|x64 = Debug|x64
		Debug|x86 = Debug|x86
		Release|ARM64 = Release|ARM64
		Release|x64 = Release|x64
		Release|x86 = Release|x86
	EndGlobalSection
	GlobalSection(ProjectConfigurationPlatforms) = postSolution
		{4643DCDD-DF5B-4DCF-9870-8D558807A7DA}.Debug|ARM64.ActiveCfg = Debug|ARM64
		{4643DCDD-DF5B-4DCF-9870-8D558807A7DA}.Debug|ARM64.Build.0 = Debug|ARM64
		{4643DCDD-DF5B-4DCF-9870-8D558807A7DA}.Debug|ARM64.Deploy.0 = Debug|ARM64
		{4643DCDD-DF5B-4DCF-9870-8D558807A7DA}.Debug|x64.ActiveCfg = Debug|x64
		{4643DCDD-DF5B-4DCF-9870-8D558807A7DA}.Debug|x64.Build.0 = Debug|x64
		{4643DCDD-DF5B-4DCF-9870-8D558807A7DA}.Debug|x64.Deploy.0 = Debug|x64
		{4643DCDD-DF5B-4DCF-9870-8D558807A7DA}.Debug|x86.ActiveCfg = Debug|x86
		{4643DCDD-DF5B-4DCF-9870-8D558807A7DA}.Debug|x86.Build.0 = Debug|x86
		{4643DCDD-DF5B-4DCF-9870-8D558807A7DA}.Debug|x86.Deploy.0 = Debug|x86
		{4643DCDD-DF5B-4DCF-9870-8D558807A7DA}.Release|ARM64.ActiveCfg = Release|ARM64
		{4643DCDD-DF5B-4DCF-9870-8D558807A7DA}.Release|ARM64.Build.0 = Release|ARM64
		{4643DCDD-DF5B-4DCF-9870-8D558807A7DA}.Release|ARM64.Deploy.0 = Release|ARM64
		{4643DCDD-DF5B-4DCF-9870-8D558807A7DA}.Release|x64.ActiveCfg = Release|x64
		{4643DCDD-DF5B-4DCF-9870-8D558807A7DA}.Release|x64.Build.0 = Release|x64
		{4643DCDD-DF5B-4DCF-9870-8D558807A7DA}.Release|x64.Deploy.0 = Release|x64
		{4643DCDD-DF5B-4DCF-9870-8D558807A7DA}.Release|x86.ActiveCfg = Release|x86
		{4643DCDD-DF5B-4DCF-9870-8D558807A7DA}.Release|x86.Build.0 = Release|x86
		{4643DCDD-DF5B-4DCF-9870-8D558807A7DA}.Release|x86.Deploy.0 = Release|x86
	EndGlobalSection
	GlobalSection(SolutionProperties) = preSolution
		HideSolutionNode = FALSE
	EndGlobalSection
	GlobalSection(ExtensibilityGlobals) = postSolution
		SolutionGuid = {968CC31A-3725-4B42-A774-FFBB44DB058A}
	EndGlobalSection
EndGlobal
